
Microsoft Visual Studio Solution File, Format Version 12.00
Project("{F2A71F9B-5D33-465A-A702-920D77279786}") = "PBTDemosFsharp.Tests", "PBTDemosFsharp.Tests\PBTDemosFsharp.Tests.fsproj", "{2F1FA2A1-45C0-4CC2-80AE-66E64D8BC5DC}"
EndProject
Project("{FAE04EC0-301F-11D3-BF4B-00C04F79EFBC}") = "PBTDemosCsharp.Tests", "PBTDemosCsharp.Tests\PBTDemosCsharp.Tests.csproj", "{2E1AF3B7-8365-4645-919B-9A82478F1C92}"
EndProject
Global
	GlobalSection(SolutionConfigurationPlatforms) = preSolution
		Debug|Any CPU = Debug|Any CPU
		Release|Any CPU = Release|Any CPU
	EndGlobalSection
	GlobalSection(ProjectConfigurationPlatforms) = postSolution
		{2F1FA2A1-45C0-4CC2-80AE-66E64D8BC5DC}.Debug|Any CPU.ActiveCfg = Debug|Any CPU
		{2F1FA2A1-45C0-4CC2-80AE-66E64D8BC5DC}.Debug|Any CPU.Build.0 = Debug|Any CPU
		{2F1FA2A1-45C0-4CC2-80AE-66E64D8BC5DC}.Release|Any CPU.ActiveCfg = Release|Any CPU
		{2F1FA2A1-45C0-4CC2-80AE-66E64D8BC5DC}.Release|Any CPU.Build.0 = Release|Any CPU
		{2E1AF3B7-8365-4645-919B-9A82478F1C92}.Debug|Any CPU.ActiveCfg = Debug|Any CPU
		{2E1AF3B7-8365-4645-919B-9A82478F1C92}.Debug|Any CPU.Build.0 = Debug|Any CPU
		{2E1AF3B7-8365-4645-919B-9A82478F1C92}.Release|Any CPU.ActiveCfg = Release|Any CPU
		{2E1AF3B7-8365-4645-919B-9A82478F1C92}.Release|Any CPU.Build.0 = Release|Any CPU
	EndGlobalSection
EndGlobal
